
Microsoft Visual Studio Solution File, Format Version 12.00
# Visual Studio Version 17
VisualStudioVersion = 17.2.32630.192
MinimumVisualStudioVersion = 10.0.40219.1
Project("{FAE04EC0-301F-11D3-BF4B-00C04F79EFBC}") = "LWN Save Loader", "LWN Save Loader.csproj", "{AD7114DC-D137-4FD5-AB1B-A15D0A272F13}"
EndProject
Global
	GlobalSection(SolutionConfigurationPlatforms) = preSolution
		Debug|Any CPU = Debug|Any CPU
		Release|Any CPU = Release|Any CPU
	EndGlobalSection
	GlobalSection(ProjectConfigurationPlatforms) = postSolution
		{AD7114DC-D137-4FD5-AB1B-A15D0A272F13}.Debug|Any CPU.ActiveCfg = Debug|Any CPU
		{AD7114DC-D137-4FD5-AB1B-A15D0A272F13}.Debug|Any CPU.Build.0 = Debug|Any CPU
		{AD7114DC-D137-4FD5-AB1B-A15D0A272F13}.Release|Any CPU.ActiveCfg = Release|Any CPU
		{AD7114DC-D137-4FD5-AB1B-A15D0A272F13}.Release|Any CPU.Build.0 = Release|Any CPU
	EndGlobalSection
	GlobalSection(SolutionProperties) = preSolution
		HideSolutionNode = FALSE
	EndGlobalSection
	GlobalSection(ExtensibilityGlobals) = postSolution
		SolutionGuid = {165E58D7-16FD-4C56-AB64-F80575CBA89C}
	EndGlobalSection
EndGlobal
